
Microsoft Visual Studio Solution File, Format Version 12.00
# Visual Studio Version 16
VisualStudioVersion = 25.0.1706.4
MinimumVisualStudioVersion = 10.0.40219.1
Project("{FAE04EC0-301F-11D3-BF4B-00C04F79EFBC}") = "EVMwithReact", "EVMwithReact.csproj", "{249855FD-61B6-40F7-BF87-E0403B4ECF27}"
EndProject
Global
	GlobalSection(SolutionConfigurationPlatforms) = preSolution
		Debug|Any CPU = Debug|Any CPU
		Release|Any CPU = Release|Any CPU
	EndGlobalSection
	GlobalSection(ProjectConfigurationPlatforms) = postSolution
		{249855FD-61B6-40F7-BF87-E0403B4ECF27}.Debug|Any CPU.ActiveCfg = Debug|Any CPU
		{249855FD-61B6-40F7-BF87-E0403B4ECF27}.Debug|Any CPU.Build.0 = Debug|Any CPU
		{249855FD-61B6-40F7-BF87-E0403B4ECF27}.Release|Any CPU.ActiveCfg = Release|Any CPU
		{249855FD-61B6-40F7-BF87-E0403B4ECF27}.Release|Any CPU.Build.0 = Release|Any CPU
	EndGlobalSection
	GlobalSection(SolutionProperties) = preSolution
		HideSolutionNode = FALSE
	EndGlobalSection
	GlobalSection(ExtensibilityGlobals) = postSolution
		SolutionGuid = {63EBB7BB-B242-4D5E-BDEA-52F64B226262}
	EndGlobalSection
EndGlobal
